lockfileVersion: '9.0'

settings:
  autoInstallPeers: true
  excludeLinksFromLockfile: false

importers:

  .:
    dependencies:
      '@litpack/typebuilder':
        specifier: ^1.0.14
        version: 1.0.14
    devDependencies:
      typescript:
        specifier: ^5.6.3
        version: 5.6.3

packages:

  '@litpack/typebuilder@1.0.14':
    resolution: {integrity: sha512-USg9if/7qOu8aNAGldzQhUXNI0M+LJDIrP+qkG+lZL5jvSx0XvyrFOEI4zIdkDaQ5IcfcNEz8MVrXhKImLIOhA==}

  typescript@5.6.3:
    resolution: {integrity: sha512-hjcS1mhfuyi4WW8IWtjP7brDrG2cuDZukyrYrSauoXGNgx0S7zceP07adYkJycEr56BOUTNPzbInooiN3fn1qw==}
    engines: {node: '>=14.17'}
    hasBin: true

  zod@3.23.8:
    resolution: {integrity: sha512-XBx9AXhXktjUqnepgTiE5flcKIYWi/rme0Eaj+5Y0lftuGBq+jyRu/md4WnuxqgP1ubdpNCsYEYPxrzVHD8d6g==}

snapshots:

  '@litpack/typebuilder@1.0.14':
    dependencies:
      zod: 3.23.8

  typescript@5.6.3: {}

  zod@3.23.8: {}
